
Microsoft Visual Studio Solution File, Format Version 12.00
# Visual Studio 15
VisualStudioVersion = 15.0.28307.1082
MinimumVisualStudioVersion = 10.0.40219.1
Project("{8BC9CEB8-8B4A-11D0-8D11-00A0C91BC942}") = "UML", "UML\UML.vcxproj", "{520C79C5-7EED-40DE-842D-A2D24143DA03}"
EndProject
Global
	GlobalSection(SolutionConfigurationPlatforms) = preSolution
		Debug|x64 = Debug|x64
		Debug|x86 = Debug|x86
		Release|x64 = Release|x64
		Release|x86 = Release|x86
	EndGlobalSection
	GlobalSection(ProjectConfigurationPlatforms) = postSolution
		{520C79C5-7EED-40DE-842D-A2D24143DA03}.Debug|x64.ActiveCfg = Debug|x64
		{520C79C5-7EED-40DE-842D-A2D24143DA03}.Debug|x64.Build.0 = Debug|x64
		{520C79C5-7EED-40DE-842D-A2D24143DA03}.Debug|x86.ActiveCfg = Debug|Win32
		{520C79C5-7EED-40DE-842D-A2D24143DA03}.Debug|x86.Build.0 = Debug|Win32
		{520C79C5-7EED-40DE-842D-A2D24143DA03}.Release|x64.ActiveCfg = Release|x64
		{520C79C5-7EED-40DE-842D-A2D24143DA03}.Release|x64.Build.0 = Release|x64
		{520C79C5-7EED-40DE-842D-A2D24143DA03}.Release|x86.ActiveCfg = Release|Win32
		{520C79C5-7EED-40DE-842D-A2D24143DA03}.Release|x86.Build.0 = Release|Win32
	EndGlobalSection
	GlobalSection(SolutionProperties) = preSolution
		HideSolutionNode = FALSE
	EndGlobalSection
	GlobalSection(ExtensibilityGlobals) = postSolution
		SolutionGuid = {8614B7D8-1787-4941-BFD3-10E63719409B}
	EndGlobalSection
EndGlobal
